
Microsoft Visual Studio Solution File, Format Version 12.00
# Visual Studio Version 16
VisualStudioVersion = 16.0.29519.181
MinimumVisualStudioVersion = 10.0.40219.1
Project("{FAE04EC0-301F-11D3-BF4B-00C04F79EFBC}") = "GetDirectoryCount", "GetDirectoryCount.csproj", "{176EB850-1080-43D8-A834-98B79AC01E7F}"
EndProject
Global
	GlobalSection(SolutionConfigurationPlatforms) = preSolution
		Debug|Any CPU = Debug|Any CPU
		Release|Any CPU = Release|Any CPU
	EndGlobalSection
	GlobalSection(ProjectConfigurationPlatforms) = postSolution
		{176EB850-1080-43D8-A834-98B79AC01E7F}.Debug|Any CPU.ActiveCfg = Debug|Any CPU
		{176EB850-1080-43D8-A834-98B79AC01E7F}.Debug|Any CPU.Build.0 = Debug|Any CPU
		{176EB850-1080-43D8-A834-98B79AC01E7F}.Release|Any CPU.ActiveCfg = Release|Any CPU
		{176EB850-1080-43D8-A834-98B79AC01E7F}.Release|Any CPU.Build.0 = Release|Any CPU
	EndGlobalSection
	GlobalSection(SolutionProperties) = preSolution
		HideSolutionNode = FALSE
	EndGlobalSection
	GlobalSection(ExtensibilityGlobals) = postSolution
		SolutionGuid = {CC487056-A368-4316-B2B9-93AEA312764C}
	EndGlobalSection
EndGlobal
